lockfileVersion: 5.4

specifiers:
  typescript: ^5.0.3

devDependencies:
  typescript: 5.0.3

packages:

  /typescript/5.0.3:
    resolution: {integrity: sha512-xv8mOEDnigb/tN9PSMTwSEqAnUvkoXMQlicOb0IUVDBSQCgBSaAAROUZYy2IcUy5qU6XajK5jjjO7TMWqBTKZA==}
    engines: {node: '>=12.20'}
    hasBin: true
    dev: true
